<Solution>
  <Project Path="Auth.Api/Auth.Api.csproj" />
  <Project Path="Diagnostics.Api/Diagnostics.Api.csproj" Id="4e3c95f9-a7ae-4751-a3ea-979c0e2ab7a9" />
  <Project Path="docker-compose.dcproj">
    <Build />
  </Project>
  <Project Path="Ipfs.Api/Ipfs.Api.csproj" />
  <Project Path="MedicalData.Api/MedicalData.Api.csproj" Id="30d3f01e-da49-47f6-a6b2-c398dbfd92f4" />
  <Project Path="Users.Api/Users.Api.csproj" />
</Solution>
